{
  "originHash" : "a6fbe718701fe452ae3b5eed56d6a781ffb5f72cc19bb7d5637f9299c7f1d557",
  "pins" : [
    {
      "identity" : "swift-html-entities",
      "kind" : "remoteSourceControl",
      "location" : "https://github.com/Kitura/swift-html-entities.git",
      "state" : {
        "revision" : "d8ca73197f59ce260c71bd6d7f6eb8bbdccf508b",
        "version" : "4.0.1"
      }
    },
    {
      "identity" : "tinystorage",
      "kind" : "remoteSourceControl",
      "location" : "https://github.com/christianselig/TinyStorage.git",
      "state" : {
        "revision" : "c50eaa8d456a3c367108a13ecd864c8c30302be7",
        "version" : "1.0.17"
      }
    }
  ],
  "version" : 3
}
